# This file is autogenerated, do not edit; changes may be undone by the next 'dep ensure'.


[[projects]]
  branch = "master"
  name = "github.com/kr/pretty"
  packages = ["."]
  revision = "cfb55aafdaf3ec08f0db22699ab822c50091b1c4"

[[projects]]
  branch = "master"
  name = "github.com/kr/text"
  packages = ["."]
  revision = "7cafcd837844e784b526369c9bce262804aebc60"

[[projects]]
  branch = "master"
  name = "golang.org/x/net"
  packages = ["context","context/ctxhttp"]
  revision = "8d16fa6dc9a85c1cd3ed24ad08ff21cf94f10888"

[[projects]]
  branch = "master"
  name = "golang.org/x/time"
  packages = ["rate"]
  revision = "fbb02b2291d28baffd63558aa44b4b56f178d650"

[[projects]]
  branch = "master"
  name = "googlemaps.github.io/maps"
  packages = [".","internal"]
  revision = "fe24e771301148905e882be0c59506b377e51457"

[solve-meta]
  analyzer-name = "dep"
  analyzer-version = 1
  inputs-digest = "912da7e0e39f617e01ee9101d6fb129819c675f01956f8853f6d4f9f86ba840c"
  solver-name = "gps-cdcl"
  solver-version = 1
